
Microsoft Visual Studio Solution File, Format Version 12.00
# Visual Studio 2012
Project("{FAE04EC0-301F-11D3-BF4B-00C04F79EFBC}") = "KeePassLib", "KeePassLib\KeePassLib.csproj", "{53573E4E-33CB-4FDB-8698-C95F5E40E7F3}"
EndProject
Project("{FAE04EC0-301F-11D3-BF4B-00C04F79EFBC}") = "KeePass2PCL", "KeePass2PCL\KeePass2PCL.csproj", "{2E710089-9559-4967-846C-E763DD1F3ACB}"
EndProject
Project("{FAE04EC0-301F-11D3-BF4B-00C04F79EFBC}") = "KeePass2PCL.Test.KeePassLib", "KeePass2PCL.Test\KeePass2PCL.Test.KeePassLib.csproj", "{2637FAA9-838C-43AB-81F3-BB231E0E1DCA}"
EndProject
Project("{D954291E-2A0B-460D-934E-DC6B0785DB48}") = "KeePass2PCL.Test.Shared", "KeePass2PCL.Test.Shared\KeePass2PCL.Test.Shared.shproj", "{17F1C1A7-AE14-47AD-AE9A-ECFB9C45A559}"
EndProject
Project("{FAE04EC0-301F-11D3-BF4B-00C04F79EFBC}") = "KeePass2PCL.Test.Desktop", "KeePass2PCL.Test.Desktop\KeePass2PCL.Test.Desktop.csproj", "{0BD8B544-EB60-461F-9A71-605A6DFCBB19}"
EndProject
Global
	GlobalSection(SolutionConfigurationPlatforms) = preSolution
		Debug|Any CPU = Debug|Any CPU
		Release|Any CPU = Release|Any CPU
	EndGlobalSection
	GlobalSection(ProjectConfigurationPlatforms) = postSolution
		{0BD8B544-EB60-461F-9A71-605A6DFCBB19}.Debug|Any CPU.ActiveCfg = Debug|Any CPU
		{0BD8B544-EB60-461F-9A71-605A6DFCBB19}.Debug|Any CPU.Build.0 = Debug|Any CPU
		{0BD8B544-EB60-461F-9A71-605A6DFCBB19}.Release|Any CPU.ActiveCfg = Release|Any CPU
		{0BD8B544-EB60-461F-9A71-605A6DFCBB19}.Release|Any CPU.Build.0 = Release|Any CPU
		{2637FAA9-838C-43AB-81F3-BB231E0E1DCA}.Debug|Any CPU.ActiveCfg = Debug|Any CPU
		{2637FAA9-838C-43AB-81F3-BB231E0E1DCA}.Debug|Any CPU.Build.0 = Debug|Any CPU
		{2637FAA9-838C-43AB-81F3-BB231E0E1DCA}.Release|Any CPU.ActiveCfg = Release|Any CPU
		{2637FAA9-838C-43AB-81F3-BB231E0E1DCA}.Release|Any CPU.Build.0 = Release|Any CPU
		{2E710089-9559-4967-846C-E763DD1F3ACB}.Debug|Any CPU.ActiveCfg = Debug|Any CPU
		{2E710089-9559-4967-846C-E763DD1F3ACB}.Debug|Any CPU.Build.0 = Debug|Any CPU
		{2E710089-9559-4967-846C-E763DD1F3ACB}.Release|Any CPU.ActiveCfg = Release|Any CPU
		{2E710089-9559-4967-846C-E763DD1F3ACB}.Release|Any CPU.Build.0 = Release|Any CPU
		{53573E4E-33CB-4FDB-8698-C95F5E40E7F3}.Debug|Any CPU.ActiveCfg = Debug|Any CPU
		{53573E4E-33CB-4FDB-8698-C95F5E40E7F3}.Debug|Any CPU.Build.0 = Debug|Any CPU
		{53573E4E-33CB-4FDB-8698-C95F5E40E7F3}.Release|Any CPU.ActiveCfg = Release|Any CPU
		{53573E4E-33CB-4FDB-8698-C95F5E40E7F3}.Release|Any CPU.Build.0 = Release|Any CPU
	EndGlobalSection
	GlobalSection(MonoDevelopProperties) = preSolution
		Policies = $0
		$0.DotNetNamingPolicy = $1
		$1.DirectoryNamespaceAssociation = PrefixedFlat
		$1.ResourceNamePolicy = FileFormatDefault
		$0.TextStylePolicy = $2
		$2.EolMarker = Unix
		$2.inheritsSet = VisualStudio
		$2.inheritsScope = text/plain
		$2.scope = text/x-csharp
		$0.CSharpFormattingPolicy = $3
		$3.IndentPreprocessorDirectives = False
		$3.AfterDelegateDeclarationParameterComma = True
		$3.inheritsSet = Mono
		$3.inheritsScope = text/x-csharp
		$3.scope = text/x-csharp
	EndGlobalSection
EndGlobal
